
Microsoft Visual Studio Solution File, Format Version 12.00
# Visual Studio 15
VisualStudioVersion = 15.0.28307.1500
MinimumVisualStudioVersion = 10.0.40219.1
Project("{FAE04EC0-301F-11D3-BF4B-00C04F79EFBC}") = "DiceRoll", "DiceRoll\DiceRoll.csproj", "{39077B59-EFA0-4BCF-A68F-298ECBDDA59B}"
EndProject
Global
	GlobalSection(SolutionConfigurationPlatforms) = preSolution
		Debug|Any CPU = Debug|Any CPU
		Release|Any CPU = Release|Any CPU
	EndGlobalSection
	GlobalSection(ProjectConfigurationPlatforms) = postSolution
		{39077B59-EFA0-4BCF-A68F-298ECBDDA59B}.Debug|Any CPU.ActiveCfg = Debug|Any CPU
		{39077B59-EFA0-4BCF-A68F-298ECBDDA59B}.Debug|Any CPU.Build.0 = Debug|Any CPU
		{39077B59-EFA0-4BCF-A68F-298ECBDDA59B}.Release|Any CPU.ActiveCfg = Release|Any CPU
		{39077B59-EFA0-4BCF-A68F-298ECBDDA59B}.Release|Any CPU.Build.0 = Release|Any CPU
	EndGlobalSection
	GlobalSection(SolutionProperties) = preSolution
		HideSolutionNode = FALSE
	EndGlobalSection
	GlobalSection(ExtensibilityGlobals) = postSolution
		SolutionGuid = {7F16C603-CC77-4CEA-8AF3-DA923642D723}
	EndGlobalSection
EndGlobal
